
Microsoft Visual Studio Solution File, Format Version 12.00
# Visual Studio Version 17
VisualStudioVersion = 17.5.002.0
MinimumVisualStudioVersion = 10.0.40219.1
Project("{9A19103F-16F7-4668-BE54-9A1E7A4F7556}") = "Library", "Library\Library.csproj", "{4924B4B7-0998-47D0-A295-9B5A2F373383}"
EndProject
Project("{9A19103F-16F7-4668-BE54-9A1E7A4F7556}") = "Program", "Program\Program.csproj", "{D476160C-BCF5-4A8E-AAF5-79D57B6AB41E}"
EndProject
Global
	GlobalSection(SolutionConfigurationPlatforms) = preSolution
		Debug|Any CPU = Debug|Any CPU
		Release|Any CPU = Release|Any CPU
	EndGlobalSection
	GlobalSection(ProjectConfigurationPlatforms) = postSolution
		{4924B4B7-0998-47D0-A295-9B5A2F373383}.Debug|Any CPU.ActiveCfg = Debug|Any CPU
		{4924B4B7-0998-47D0-A295-9B5A2F373383}.Debug|Any CPU.Build.0 = Debug|Any CPU
		{4924B4B7-0998-47D0-A295-9B5A2F373383}.Release|Any CPU.ActiveCfg = Release|Any CPU
		{4924B4B7-0998-47D0-A295-9B5A2F373383}.Release|Any CPU.Build.0 = Release|Any CPU
		{D476160C-BCF5-4A8E-AAF5-79D57B6AB41E}.Debug|Any CPU.ActiveCfg = Debug|Any CPU
		{D476160C-BCF5-4A8E-AAF5-79D57B6AB41E}.Debug|Any CPU.Build.0 = Debug|Any CPU
		{D476160C-BCF5-4A8E-AAF5-79D57B6AB41E}.Release|Any CPU.ActiveCfg = Release|Any CPU
		{D476160C-BCF5-4A8E-AAF5-79D57B6AB41E}.Release|Any CPU.Build.0 = Release|Any CPU
	EndGlobalSection
	GlobalSection(SolutionProperties) = preSolution
		HideSolutionNode = FALSE
	EndGlobalSection
	GlobalSection(ExtensibilityGlobals) = postSolution
		SolutionGuid = {44F006C5-27A5-4917-B3FD-1CD948BDB693}
	EndGlobalSection
EndGlobal
